
Microsoft Visual Studio Solution File, Format Version 12.00
# Visual Studio Version 17
VisualStudioVersion = 17.4.33213.308
MinimumVisualStudioVersion = 10.0.40219.1
Project("{FAE04EC0-301F-11D3-BF4B-00C04F79EFBC}") = "BonsaiShop", "BonsaiShop\BonsaiShop.csproj", "{B4AC6F19-325D-4D45-8ACA-F5CF364F0C8C}"
EndProject
Global
	GlobalSection(SolutionConfigurationPlatforms) = preSolution
		Debug|Any CPU = Debug|Any CPU
		Release|Any CPU = Release|Any CPU
	EndGlobalSection
	GlobalSection(ProjectConfigurationPlatforms) = postSolution
		{B4AC6F19-325D-4D45-8ACA-F5CF364F0C8C}.Debug|Any CPU.ActiveCfg = Debug|Any CPU
		{B4AC6F19-325D-4D45-8ACA-F5CF364F0C8C}.Debug|Any CPU.Build.0 = Debug|Any CPU
		{B4AC6F19-325D-4D45-8ACA-F5CF364F0C8C}.Release|Any CPU.ActiveCfg = Release|Any CPU
		{B4AC6F19-325D-4D45-8ACA-F5CF364F0C8C}.Release|Any CPU.Build.0 = Release|Any CPU
	EndGlobalSection
	GlobalSection(SolutionProperties) = preSolution
		HideSolutionNode = FALSE
	EndGlobalSection
	GlobalSection(ExtensibilityGlobals) = postSolution
		SolutionGuid = {6D493ACD-A782-469A-A91D-2C6113925BA7}
	EndGlobalSection
EndGlobal
